// !$*UTF8*$!
{
	archiveVersion = 1;
	classes = {
	};
	objectVersion = 46;
	objects = {

/* Begin PBXBuildFile section */
		2589B24F1CE55D280054F317 /* Option.swift in Sources */ = {isa = PBXBuildFile; fileRef = 2589B24A1CE55D280054F317 /* Option.swift */; };
		2589B2501CE55D280054F317 /* OptionKit.h in Headers */ = {isa = PBXBuildFile; fileRef = 2589B24B1CE55D280054F317 /* OptionKit.h */; settings = {ATTRIBUTES = (Public, ); }; };
		2589B2511CE55D280054F317 /* Parser.swift in Sources */ = {isa = PBXBuildFile; fileRef = 2589B24C1CE55D280054F317 /* Parser.swift */; };
		2589B2521CE55D280054F317 /* Result.swift in Sources */ = {isa = PBXBuildFile; fileRef = 2589B24D1CE55D280054F317 /* Result.swift */; };
		2589B2681CE562F70054F317 /* ParserTests.swift in Sources */ = {isa = PBXBuildFile; fileRef = 2589B2671CE562F70054F317 /* ParserTests.swift */; };
		2589B26A1CE562F70054F317 /* OptionKit.framework in Frameworks */ = {isa = PBXBuildFile; fileRef = 253D96B81A7A9B8900578217 /* OptionKit.framework */; };
/* End PBXBuildFile section */

/* Begin PBXContainerItemProxy section */
		2589B26B1CE562F70054F317 /* PBXContainerItemProxy */ = {
			isa = PBXContainerItemProxy;
			containerPortal = 253D96AF1A7A9B8900578217 /* Project object */;
			proxyType = 1;
			remoteGlobalIDString = 253D96B71A7A9B8900578217;
			remoteInfo = OptionKit;
		};
/* End PBXContainerItemProxy section */

/* Begin PBXFileReference section */
		253D96B81A7A9B8900578217 /* OptionKit.framework */ = {isa = PBXFileReference; explicitFileType = wrapper.framework; includeInIndex = 0; path = OptionKit.framework; sourceTree = BUILT_PRODUCTS_DIR; };
		2589B24A1CE55D280054F317 /* Option.swift */ = {isa = PBXFileReference; fileEncoding = 4; lastKnownFileType = sourcecode.swift; path = Option.swift; sourceTree = "<group>"; };
		2589B24B1CE55D280054F317 /* OptionKit.h */ = {isa = PBXFileReference; fileEncoding = 4; lastKnownFileType = sourcecode.c.h; path = OptionKit.h; sourceTree = "<group>"; };
		2589B24C1CE55D280054F317 /* Parser.swift */ = {isa = PBXFileReference; fileEncoding = 4; lastKnownFileType = sourcecode.swift; path = Parser.swift; sourceTree = "<group>"; };
		2589B24D1CE55D280054F317 /* Result.swift */ = {isa = PBXFileReference; fileEncoding = 4; lastKnownFileType = sourcecode.swift; path = Result.swift; sourceTree = "<group>"; };
		2589B25F1CE5615B0054F317 /* Info.plist */ = {isa = PBXFileReference; fileEncoding = 4; lastKnownFileType = text.plist.xml; path = Info.plist; sourceTree = "<group>"; };
		2589B2651CE562F70054F317 /* OptionKitTests.xctest */ = {isa = PBXFileReference; explicitFileType = wrapper.cfbundle; includeInIndex = 0; path = OptionKitTests.xctest; sourceTree = BUILT_PRODUCTS_DIR; };
		2589B2671CE562F70054F317 /* ParserTests.swift */ = {isa = PBXFileReference; lastKnownFileType = sourcecode.swift; path = ParserTests.swift; sourceTree = "<group>"; };
		2589B2691CE562F70054F317 /* Info.plist */ = {isa = PBXFileReference; lastKnownFileType = text.plist.xml; path = Info.plist; sourceTree = "<group>"; };
/* End PBXFileReference section */

/* Begin PBXFrameworksBuildPhase section */
		253D96B41A7A9B8900578217 /* Frameworks */ = {
			isa = PBXFrameworksBuildPhase;
			buildActionMask = 2147483647;
			files = (
			);
			runOnlyForDeploymentPostprocessing = 0;
		};
		2589B2621CE562F70054F317 /* Frameworks */ = {
			isa = PBXFrameworksBuildPhase;
			buildActionMask = 2147483647;
			files = (
				2589B26A1CE562F70054F317 /* OptionKit.framework in Frameworks */,
			);
			runOnlyForDeploymentPostprocessing = 0;
		};
/* End PBXFrameworksBuildPhase section */

/* Begin PBXGroup section */
		253D96AE1A7A9B8900578217 = {
			isa = PBXGroup;
			children = (
				2589B2481CE55D280054F317 /* OptionKit */,
				2589B2661CE562F70054F317 /* OptionKitTests */,
				253D96B91A7A9B8900578217 /* Products */,
			);
			sourceTree = "<group>";
		};
		253D96B91A7A9B8900578217 /* Products */ = {
			isa = PBXGroup;
			children = (
				253D96B81A7A9B8900578217 /* OptionKit.framework */,
				2589B2651CE562F70054F317 /* OptionKitTests.xctest */,
			);
			name = Products;
			sourceTree = "<group>";
		};
		2589B2481CE55D280054F317 /* OptionKit */ = {
			isa = PBXGroup;
			children = (
				2589B24A1CE55D280054F317 /* Option.swift */,
				2589B24D1CE55D280054F317 /* Result.swift */,
				2589B24C1CE55D280054F317 /* Parser.swift */,
				2589B2531CE55D360054F317 /* Supporting Files */,
			);
			path = OptionKit;
			sourceTree = SOURCE_ROOT;
		};
		2589B2531CE55D360054F317 /* Supporting Files */ = {
			isa = PBXGroup;
			children = (
				2589B24B1CE55D280054F317 /* OptionKit.h */,
				2589B25F1CE5615B0054F317 /* Info.plist */,
			);
			name = "Supporting Files";
			sourceTree = "<group>";
		};
		2589B2661CE562F70054F317 /* OptionKitTests */ = {
			isa = PBXGroup;
			children = (
				2589B2671CE562F70054F317 /* ParserTests.swift */,
				2589B2701CE563040054F317 /* Supporting Files */,
			);
			path = OptionKitTests;
			sourceTree = "<group>";
		};
		2589B2701CE563040054F317 /* Supporting Files */ = {
			isa = PBXGroup;
			children = (
				2589B2691CE562F70054F317 /* Info.plist */,
			);
			name = "Supporting Files";
			sourceTree = "<group>";
		};
/* End PBXGroup section */

/* Begin PBXHeadersBuildPhase section */
		253D96B51A7A9B8900578217 /* Headers */ = {
			isa = PBXHeadersBuildPhase;
			buildActionMask = 2147483647;
			files = (
				2589B2501CE55D280054F317 /* OptionKit.h in Headers */,
			);
			runOnlyForDeploymentPostprocessing = 0;
		};
/* End PBXHeadersBuildPhase section */

/* Begin PBXNativeTarget section */
		253D96B71A7A9B8900578217 /* OptionKit */ = {
			isa = PBXNativeTarget;
			buildConfigurationList = 253D96CE1A7A9B8900578217 /* Build configuration list for PBXNativeTarget "OptionKit" */;
			buildPhases = (
				253D96B31A7A9B8900578217 /* Sources */,
				253D96B41A7A9B8900578217 /* Frameworks */,
				253D96B51A7A9B8900578217 /* Headers */,
				253D96B61A7A9B8900578217 /* Resources */,
			);
			buildRules = (
			);
			dependencies = (
			);
			name = OptionKit;
			productName = BMParse;
			productReference = 253D96B81A7A9B8900578217 /* OptionKit.framework */;
			productType = "com.apple.product-type.framework";
		};
		2589B2641CE562F70054F317 /* OptionKitTests */ = {
			isa = PBXNativeTarget;
			buildConfigurationList = 2589B26D1CE562F70054F317 /* Build configuration list for PBXNativeTarget "OptionKitTests" */;
			buildPhases = (
				2589B2611CE562F70054F317 /* Sources */,
				2589B2621CE562F70054F317 /* Frameworks */,
				2589B2631CE562F70054F317 /* Resources */,
			);
			buildRules = (
			);
			dependencies = (
				2589B26C1CE562F70054F317 /* PBXTargetDependency */,
			);
			name = OptionKitTests;
			productName = OptionKitTests;
			productReference = 2589B2651CE562F70054F317 /* OptionKitTests.xctest */;
			productType = "com.apple.product-type.bundle.unit-test";
		};
/* End PBXNativeTarget section */

/* Begin PBXProject section */
		253D96AF1A7A9B8900578217 /* Project object */ = {
			isa = PBXProject;
			attributes = {
				LastSwiftMigration = 0730;
				LastSwiftUpdateCheck = 0730;
				LastUpgradeCheck = 0730;
				ORGANIZATIONNAME = "Blake Merryman";
				TargetAttributes = {
					253D96B71A7A9B8900578217 = {
						CreatedOnToolsVersion = 6.1.1;
						LastSwiftMigration = 0800;
					};
					2589B2641CE562F70054F317 = {
						CreatedOnToolsVersion = 7.3.1;
						LastSwiftMigration = 0800;
					};
				};
			};
			buildConfigurationList = 253D96B21A7A9B8900578217 /* Build configuration list for PBXProject "OptionKit" */;
			compatibilityVersion = "Xcode 3.2";
			developmentRegion = English;
			hasScannedForEncodings = 0;
			knownRegions = (
				en,
			);
			mainGroup = 253D96AE1A7A9B8900578217;
			productRefGroup = 253D96B91A7A9B8900578217 /* Products */;
			projectDirPath = "";
			projectRoot = "";
			targets = (
				253D96B71A7A9B8900578217 /* OptionKit */,
				2589B2641CE562F70054F317 /* OptionKitTests */,
			);
		};
/* End PBXProject section */

/* Begin PBXResourcesBuildPhase section */
		253D96B61A7A9B8900578217 /* Resources */ = {
			isa = PBXResourcesBuildPhase;
			buildActionMask = 2147483647;
			files = (
			);
			runOnlyForDeploymentPostprocessing = 0;
		};
		2589B2631CE562F70054F317 /* Resources */ = {
			isa = PBXResourcesBuildPhase;
			buildActionMask = 2147483647;
			files = (
			);
			runOnlyForDeploymentPostprocessing = 0;
		};
/* End PBXResourcesBuildPhase section */

/* Begin PBXSourcesBuildPhase section */
		253D96B31A7A9B8900578217 /* Sources */ = {
			isa = PBXSourcesBuildPhase;
			buildActionMask = 2147483647;
			files = (
				2589B2521CE55D280054F317 /* Result.swift in Sources */,
				2589B24F1CE55D280054F317 /* Option.swift in Sources */,
				2589B2511CE55D280054F317 /* Parser.swift in Sources */,
			);
			runOnlyForDeploymentPostprocessing = 0;
		};
		2589B2611CE562F70054F317 /* Sources */ = {
			isa = PBXSourcesBuildPhase;
			buildActionMask = 2147483647;
			files = (
				2589B2681CE562F70054F317 /* ParserTests.swift in Sources */,
			);
			runOnlyForDeploymentPostprocessing = 0;
		};
/* End PBXSourcesBuildPhase section */

/* Begin PBXTargetDependency section */
		2589B26C1CE562F70054F317 /* PBXTargetDependency */ = {
			isa = PBXTargetDependency;
			target = 253D96B71A7A9B8900578217 /* OptionKit */;
			targetProxy = 2589B26B1CE562F70054F317 /* PBXContainerItemProxy */;
		};
/* End PBXTargetDependency section */

/* Begin XCBuildConfiguration section */
		253D96CC1A7A9B8900578217 /* Debug */ = {
			isa = XCBuildConfiguration;
			buildSettings = {
				ALWAYS_SEARCH_USER_PATHS = NO;
				CLANG_CXX_LANGUAGE_STANDARD = "gnu++0x";
				CLANG_CXX_LIBRARY = "libc++";
				CLANG_ENABLE_MODULES = YES;
				CLANG_ENABLE_OBJC_ARC = YES;
				CLANG_WARN_BOOL_CONVERSION = YES;
				CLANG_WARN_CONSTANT_CONVERSION = YES;
				CLANG_WARN_DIRECT_OBJC_ISA_USAGE = YES_ERROR;
				CLANG_WARN_EMPTY_BODY = YES;
				CLANG_WARN_ENUM_CONVERSION = YES;
				CLANG_WARN_INT_CONVERSION = YES;
				CLANG_WARN_OBJC_ROOT_CLASS = YES_ERROR;
				CLANG_WARN_UNREACHABLE_CODE = YES;
				CLANG_WARN__DUPLICATE_METHOD_MATCH = YES;
				COPY_PHASE_STRIP = NO;
				CURRENT_PROJECT_VERSION = 1;
				ENABLE_STRICT_OBJC_MSGSEND = YES;
				ENABLE_TESTABILITY = YES;
				GCC_C_LANGUAGE_STANDARD = gnu99;
				GCC_DYNAMIC_NO_PIC = NO;
				GCC_OPTIMIZATION_LEVEL = 0;
				GCC_PREPROCESSOR_DEFINITIONS = (
					"DEBUG=1",
					"$(inherited)",
				);
				GCC_SYMBOLS_PRIVATE_EXTERN = NO;
				GCC_WARN_64_TO_32_BIT_CONVERSION = YES;
				GCC_WARN_ABOUT_RETURN_TYPE = YES_ERROR;
				GCC_WARN_UNDECLARED_SELECTOR = YES;
				GCC_WARN_UNINITIALIZED_AUTOS = YES_AGGRESSIVE;
				GCC_WARN_UNUSED_FUNCTION = YES;
				GCC_WARN_UNUSED_VARIABLE = YES;
				MACOSX_DEPLOYMENT_TARGET = 10.10;
				MTL_ENABLE_DEBUG_INFO = YES;
				ONLY_ACTIVE_ARCH = YES;
				SDKROOT = macosx;
				SWIFT_OPTIMIZATION_LEVEL = "-Onone";
				VERSIONING_SYSTEM = "apple-generic";
				VERSION_INFO_PREFIX = "";
			};
			name = Debug;
		};
		253D96CD1A7A9B8900578217 /* Release */ = {
			isa = XCBuildConfiguration;
			buildSettings = {
				ALWAYS_SEARCH_USER_PATHS = NO;
				CLANG_CXX_LANGUAGE_STANDARD = "gnu++0x";
				CLANG_CXX_LIBRARY = "libc++";
				CLANG_ENABLE_MODULES = YES;
				CLANG_ENABLE_OBJC_ARC = YES;
				CLANG_WARN_BOOL_CONVERSION = YES;
				CLANG_WARN_CONSTANT_CONVERSION = YES;
				CLANG_WARN_DIRECT_OBJC_ISA_USAGE = YES_ERROR;
				CLANG_WARN_EMPTY_BODY = YES;
				CLANG_WARN_ENUM_CONVERSION = YES;
				CLANG_WARN_INT_CONVERSION = YES;
				CLANG_WARN_OBJC_ROOT_CLASS = YES_ERROR;
				CLANG_WARN_UNREACHABLE_CODE = YES;
				CLANG_WARN__DUPLICATE_METHOD_MATCH = YES;
				COPY_PHASE_STRIP = YES;
				CURRENT_PROJECT_VERSION = 1;
				DEBUG_INFORMATION_FORMAT = "dwarf-with-dsym";
				ENABLE_NS_ASSERTIONS = NO;
				ENABLE_STRICT_OBJC_MSGSEND = YES;
				GCC_C_LANGUAGE_STANDARD = gnu99;
				GCC_WARN_64_TO_32_BIT_CONVERSION = YES;
				GCC_WARN_ABOUT_RETURN_TYPE = YES_ERROR;
				GCC_WARN_UNDECLARED_SELECTOR = YES;
				GCC_WARN_UNINITIALIZED_AUTOS = YES_AGGRESSIVE;
				GCC_WARN_UNUSED_FUNCTION = YES;
				GCC_WARN_UNUSED_VARIABLE = YES;
				MACOSX_DEPLOYMENT_TARGET = 10.10;
				MTL_ENABLE_DEBUG_INFO = NO;
				SDKROOT = macosx;
				VERSIONING_SYSTEM = "apple-generic";
				VERSION_INFO_PREFIX = "";
			};
			name = Release;
		};
		253D96CF1A7A9B8900578217 /* Debug */ = {
			isa = XCBuildConfiguration;
			buildSettings = {
				COMBINE_HIDPI_IMAGES = YES;
				DEFINES_MODULE = YES;
				DYLIB_COMPATIBILITY_VERSION = 1;
				DYLIB_CURRENT_VERSION = 1;
				DYLIB_INSTALL_NAME_BASE = "@rpath";
				FRAMEWORK_VERSION = A;
				INFOPLIST_FILE = OptionKit/Info.plist;
				INSTALL_PATH = "$(LOCAL_LIBRARY_DIR)/Frameworks";
				LD_RUNPATH_SEARCH_PATHS = "$(inherited) @executable_path/../Frameworks @loader_path/Frameworks";
				PRODUCT_BUNDLE_IDENTIFIER = "com.blakemerryman.$(PRODUCT_NAME:rfc1034identifier)";
				PRODUCT_NAME = OptionKit;
				SKIP_INSTALL = YES;
				SWIFT_VERSION = 3.0;
			};
			name = Debug;
		};
		253D96D01A7A9B8900578217 /* Release */ = {
			isa = XCBuildConfiguration;
			buildSettings = {
				COMBINE_HIDPI_IMAGES = YES;
				DEFINES_MODULE = YES;
				DYLIB_COMPATIBILITY_VERSION = 1;
				DYLIB_CURRENT_VERSION = 1;
				DYLIB_INSTALL_NAME_BASE = "@rpath";
				FRAMEWORK_VERSION = A;
				INFOPLIST_FILE = OptionKit/Info.plist;
				INSTALL_PATH = "$(LOCAL_LIBRARY_DIR)/Frameworks";
				LD_RUNPATH_SEARCH_PATHS = "$(inherited) @executable_path/../Frameworks @loader_path/Frameworks";
				PRODUCT_BUNDLE_IDENTIFIER = "com.blakemerryman.$(PRODUCT_NAME:rfc1034identifier)";
				PRODUCT_NAME = OptionKit;
				SKIP_INSTALL = YES;
				SWIFT_VERSION = 3.0;
			};
			name = Release;
		};
		2589B26E1CE562F70054F317 /* Debug */ = {
			isa = XCBuildConfiguration;
			buildSettings = {
				CLANG_ANALYZER_NONNULL = YES;
				CODE_SIGN_IDENTITY = "-";
				COMBINE_HIDPI_IMAGES = YES;
				DEBUG_INFORMATION_FORMAT = dwarf;
				GCC_NO_COMMON_BLOCKS = YES;
				INFOPLIST_FILE = OptionKitTests/Info.plist;
				LD_RUNPATH_SEARCH_PATHS = "$(inherited) @executable_path/../Frameworks @loader_path/../Frameworks";
				MACOSX_DEPLOYMENT_TARGET = 10.11;
				PRODUCT_BUNDLE_IDENTIFIER = com.blakemerryman.OptionKitTests;
				PRODUCT_NAME = "$(TARGET_NAME)";
				SWIFT_VERSION = 3.0;
			};
			name = Debug;
		};
		2589B26F1CE562F70054F317 /* Release */ = {
			isa = XCBuildConfiguration;
			buildSettings = {
				CLANG_ANALYZER_NONNULL = YES;
				CODE_SIGN_IDENTITY = "-";
				COMBINE_HIDPI_IMAGES = YES;
				COPY_PHASE_STRIP = NO;
				GCC_NO_COMMON_BLOCKS = YES;
				INFOPLIST_FILE = OptionKitTests/Info.plist;
				LD_RUNPATH_SEARCH_PATHS = "$(inherited) @executable_path/../Frameworks @loader_path/../Frameworks";
				MACOSX_DEPLOYMENT_TARGET = 10.11;
				PRODUCT_BUNDLE_IDENTIFIER = com.blakemerryman.OptionKitTests;
				PRODUCT_NAME = "$(TARGET_NAME)";
				SWIFT_VERSION = 3.0;
			};
			name = Release;
		};
/* End XCBuildConfiguration section */

/* Begin XCConfigurationList section */
		253D96B21A7A9B8900578217 /* Build configuration list for PBXProject "OptionKit" */ = {
			isa = XCConfigurationList;
			buildConfigurations = (
				253D96CC1A7A9B8900578217 /* Debug */,
				253D96CD1A7A9B8900578217 /* Release */,
			);
			defaultConfigurationIsVisible = 0;
			defaultConfigurationName = Release;
		};
		253D96CE1A7A9B8900578217 /* Build configuration list for PBXNativeTarget "OptionKit" */ = {
			isa = XCConfigurationList;
			buildConfigurations = (
				253D96CF1A7A9B8900578217 /* Debug */,
				253D96D01A7A9B8900578217 /* Release */,
			);
			defaultConfigurationIsVisible = 0;
			defaultConfigurationName = Release;
		};
		2589B26D1CE562F70054F317 /* Build configuration list for PBXNativeTarget "OptionKitTests" */ = {
			isa = XCConfigurationList;
			buildConfigurations = (
				2589B26E1CE562F70054F317 /* Debug */,
				2589B26F1CE562F70054F317 /* Release */,
			);
			defaultConfigurationIsVisible = 0;
			defaultConfigurationName = Release;
		};
/* End XCConfigurationList section */
	};
	rootObject = 253D96AF1A7A9B8900578217 /* Project object */;
}
